
Microsoft Visual Studio Solution File, Format Version 12.00
# Visual Studio Version 17
VisualStudioVersion = 17.7.34018.315
MinimumVisualStudioVersion = 10.0.40219.1
Project("{FAE04EC0-301F-11D3-BF4B-00C04F79EFBC}") = "HotelWeb", "HotelWeb\HotelWeb.csproj", "{60295B92-003B-45E9-9C88-C688AB815C43}"
EndProject
Global
	GlobalSection(SolutionConfigurationPlatforms) = preSolution
		Debug|Any CPU = Debug|Any CPU
		Release|Any CPU = Release|Any CPU
	EndGlobalSection
	GlobalSection(ProjectConfigurationPlatforms) = postSolution
		{60295B92-003B-45E9-9C88-C688AB815C43}.Debug|Any CPU.ActiveCfg = Debug|Any CPU
		{60295B92-003B-45E9-9C88-C688AB815C43}.Debug|Any CPU.Build.0 = Debug|Any CPU
		{60295B92-003B-45E9-9C88-C688AB815C43}.Release|Any CPU.ActiveCfg = Release|Any CPU
		{60295B92-003B-45E9-9C88-C688AB815C43}.Release|Any CPU.Build.0 = Release|Any CPU
	EndGlobalSection
	GlobalSection(SolutionProperties) = preSolution
		HideSolutionNode = FALSE
	EndGlobalSection
	GlobalSection(ExtensibilityGlobals) = postSolution
		SolutionGuid = {4CDCB10E-BEBE-4F7A-BB5E-4B4F7AEE011C}
	EndGlobalSection
EndGlobal
